
Microsoft Visual Studio Solution File, Format Version 12.00
# Visual Studio 15
VisualStudioVersion = 15.0.26124.0
MinimumVisualStudioVersion = 15.0.26124.0
Project("{FAE04EC0-301F-11D3-BF4B-00C04F79EFBC}") = "DesignerPart", "DesignerPart\DesignerPart.csproj", "{8151CE6B-C9F0-4450-BCB3-9E5F68D317A9}"
EndProject
Project("{9A19103F-16F7-4668-BE54-9A1E7A4F7556}") = "TrivialBehinds", "..\TrivialBehinds\TrivialBehinds.csproj", "{56E7DBB8-8755-4B69-82CB-6340E9E87278}"
EndProject
Global
	GlobalSection(SolutionConfigurationPlatforms) = preSolution
		Debug|Any CPU = Debug|Any CPU
		Debug|x64 = Debug|x64
		Debug|x86 = Debug|x86
		Release|Any CPU = Release|Any CPU
		Release|x64 = Release|x64
		Release|x86 = Release|x86
	EndGlobalSection
	GlobalSection(ProjectConfigurationPlatforms) = postSolution
		{8151CE6B-C9F0-4450-BCB3-9E5F68D317A9}.Debug|Any CPU.ActiveCfg = Debug|Any CPU
		{8151CE6B-C9F0-4450-BCB3-9E5F68D317A9}.Debug|Any CPU.Build.0 = Debug|Any CPU
		{8151CE6B-C9F0-4450-BCB3-9E5F68D317A9}.Debug|x64.ActiveCfg = Debug|Any CPU
		{8151CE6B-C9F0-4450-BCB3-9E5F68D317A9}.Debug|x64.Build.0 = Debug|Any CPU
		{8151CE6B-C9F0-4450-BCB3-9E5F68D317A9}.Debug|x86.ActiveCfg = Debug|Any CPU
		{8151CE6B-C9F0-4450-BCB3-9E5F68D317A9}.Debug|x86.Build.0 = Debug|Any CPU
		{8151CE6B-C9F0-4450-BCB3-9E5F68D317A9}.Release|Any CPU.ActiveCfg = Debug|Any CPU
		{8151CE6B-C9F0-4450-BCB3-9E5F68D317A9}.Release|Any CPU.Build.0 = Debug|Any CPU
		{8151CE6B-C9F0-4450-BCB3-9E5F68D317A9}.Release|x64.ActiveCfg = Debug|Any CPU
		{8151CE6B-C9F0-4450-BCB3-9E5F68D317A9}.Release|x64.Build.0 = Debug|Any CPU
		{8151CE6B-C9F0-4450-BCB3-9E5F68D317A9}.Release|x86.ActiveCfg = Debug|Any CPU
		{8151CE6B-C9F0-4450-BCB3-9E5F68D317A9}.Release|x86.Build.0 = Debug|Any CPU
		{56E7DBB8-8755-4B69-82CB-6340E9E87278}.Debug|Any CPU.ActiveCfg = Debug|Any CPU
		{56E7DBB8-8755-4B69-82CB-6340E9E87278}.Debug|Any CPU.Build.0 = Debug|Any CPU
		{56E7DBB8-8755-4B69-82CB-6340E9E87278}.Debug|x64.ActiveCfg = Debug|Any CPU
		{56E7DBB8-8755-4B69-82CB-6340E9E87278}.Debug|x64.Build.0 = Debug|Any CPU
		{56E7DBB8-8755-4B69-82CB-6340E9E87278}.Debug|x86.ActiveCfg = Debug|Any CPU
		{56E7DBB8-8755-4B69-82CB-6340E9E87278}.Debug|x86.Build.0 = Debug|Any CPU
		{56E7DBB8-8755-4B69-82CB-6340E9E87278}.Release|Any CPU.ActiveCfg = Release|Any CPU
		{56E7DBB8-8755-4B69-82CB-6340E9E87278}.Release|Any CPU.Build.0 = Release|Any CPU
		{56E7DBB8-8755-4B69-82CB-6340E9E87278}.Release|x64.ActiveCfg = Release|Any CPU
		{56E7DBB8-8755-4B69-82CB-6340E9E87278}.Release|x64.Build.0 = Release|Any CPU
		{56E7DBB8-8755-4B69-82CB-6340E9E87278}.Release|x86.ActiveCfg = Release|Any CPU
		{56E7DBB8-8755-4B69-82CB-6340E9E87278}.Release|x86.Build.0 = Release|Any CPU
	EndGlobalSection
	GlobalSection(SolutionProperties) = preSolution
		HideSolutionNode = FALSE
	EndGlobalSection
	GlobalSection(ExtensibilityGlobals) = postSolution
		SolutionGuid = {ED931F21-35F4-4A99-A52F-080FE4E31BE1}
	EndGlobalSection
EndGlobal
